# This file is automatically @generated by Cargo.
# It is not intended for manual editing.
version = 4

[[package]]
name = "domain"
version = "0.1.0"
dependencies = [
 "fake_sqlx",
]

[[package]]
name = "fake_sqlx"
version = "0.1.0"

[[package]]
name = "llm_extract"
version = "0.1.0"

[[package]]
name = "repository"
version = "0.1.0"
dependencies = [
 "fake_sqlx",
]

[[package]]
name = "search"
version = "0.1.0"
dependencies = [
 "domain",
]

[[package]]
name = "web"
version = "0.1.0"
dependencies = [
 "domain",
]
